
Microsoft Visual Studio Solution File, Format Version 12.00
# Visual Studio Version 17
VisualStudioVersion = 17.5.33530.505
MinimumVisualStudioVersion = 10.0.40219.1
Project("{9A19103F-16F7-4668-BE54-9A1E7A4F7556}") = "AthenticationApp", "AthenticationApp.csproj", "{50815C03-F7A3-453B-A1C8-F68BDCB2D667}"
EndProject
Project("{2150E333-8FDC-42A3-9474-1A3956D46DE8}") = "Solution Items", "Solution Items", "{EA425A95-C892-40DC-B76B-07A603A4E3EB}"
	ProjectSection(SolutionItems) = preProject
		.editorconfig = .editorconfig
	EndProjectSection
EndProject
Global
	GlobalSection(SolutionConfigurationPlatforms) = preSolution
		Debug|Any CPU = Debug|Any CPU
		Release|Any CPU = Release|Any CPU
	EndGlobalSection
	GlobalSection(ProjectConfigurationPlatforms) = postSolution
		{50815C03-F7A3-453B-A1C8-F68BDCB2D667}.Debug|Any CPU.ActiveCfg = Debug|Any CPU
		{50815C03-F7A3-453B-A1C8-F68BDCB2D667}.Debug|Any CPU.Build.0 = Debug|Any CPU
		{50815C03-F7A3-453B-A1C8-F68BDCB2D667}.Release|Any CPU.ActiveCfg = Release|Any CPU
		{50815C03-F7A3-453B-A1C8-F68BDCB2D667}.Release|Any CPU.Build.0 = Release|Any CPU
	EndGlobalSection
	GlobalSection(SolutionProperties) = preSolution
		HideSolutionNode = FALSE
	EndGlobalSection
	GlobalSection(ExtensibilityGlobals) = postSolution
		SolutionGuid = {EAC12CAB-1382-4F93-BFB2-7FB7DF69CFD9}
	EndGlobalSection
EndGlobal
